// !$*UTF8*$!
{
	archiveVersion = 1;
	classes = {
	};
	objectVersion = 55;
	objects = {

/* Begin PBXBuildFile section */
		F28DAF8B27BC8AF8006F7087 /* AppDelegate.swift in Sources */ = {isa = PBXBuildFile; fileRef = F28DAF8A27BC8AF8006F7087 /* AppDelegate.swift */; };
		F28DAF8D27BC8AF8006F7087 /* SceneDelegate.swift in Sources */ = {isa = PBXBuildFile; fileRef = F28DAF8C27BC8AF8006F7087 /* SceneDelegate.swift */; };
		F28DAF8F27BC8AF8006F7087 /* ViewController.swift in Sources */ = {isa = PBXBuildFile; fileRef = F28DAF8E27BC8AF8006F7087 /* ViewController.swift */; };
		F28DAF9227BC8AF8006F7087 /* Main.storyboard in Resources */ = {isa = PBXBuildFile; fileRef = F28DAF9027BC8AF8006F7087 /* Main.storyboard */; };
		F28DAF9427BC8AF9006F7087 /* Assets.xcassets in Resources */ = {isa = PBXBuildFile; fileRef = F28DAF9327BC8AF9006F7087 /* Assets.xcassets */; };
		F28DAF9727BC8AF9006F7087 /* LaunchScreen.storyboard in Resources */ = {isa = PBXBuildFile; fileRef = F28DAF9527BC8AF9006F7087 /* LaunchScreen.storyboard */; };
		F28DAF9F27BC8CC5006F7087 /* Pizza.swift in Sources */ = {isa = PBXBuildFile; fileRef = F28DAF9E27BC8CC5006F7087 /* Pizza.swift */; };
		F28DAFA527BCBAD7006F7087 /* Screen2ViewController.swift in Sources */ = {isa = PBXBuildFile; fileRef = F28DAFA427BCBAD7006F7087 /* Screen2ViewController.swift */; };
/* End PBXBuildFile section */

/* Begin PBXFileReference section */
		F28DAF8727BC8AF8006F7087 /* PIZZA_ANAS_AZBEMAT.app */ = {isa = PBXFileReference; explicitFileType = wrapper.application; includeInIndex = 0; path = PIZZA_ANAS_AZBEMAT.app; sourceTree = BUILT_PRODUCTS_DIR; };
		F28DAF8A27BC8AF8006F7087 /* AppDelegate.swift */ = {isa = PBXFileReference; lastKnownFileType = sourcecode.swift; path = AppDelegate.swift; sourceTree = "<group>"; };
		F28DAF8C27BC8AF8006F7087 /* SceneDelegate.swift */ = {isa = PBXFileReference; lastKnownFileType = sourcecode.swift; path = SceneDelegate.swift; sourceTree = "<group>"; };
		F28DAF8E27BC8AF8006F7087 /* ViewController.swift */ = {isa = PBXFileReference; lastKnownFileType = sourcecode.swift; path = ViewController.swift; sourceTree = "<group>"; };
		F28DAF9127BC8AF8006F7087 /* Base */ = {isa = PBXFileReference; lastKnownFileType = file.storyboard; name = Base; path = Base.lproj/Main.storyboard; sourceTree = "<group>"; };
		F28DAF9327BC8AF9006F7087 /* Assets.xcassets */ = {isa = PBXFileReference; lastKnownFileType = folder.assetcatalog; path = Assets.xcassets; sourceTree = "<group>"; };
		F28DAF9627BC8AF9006F7087 /* Base */ = {isa = PBXFileReference; lastKnownFileType = file.storyboard; name = Base; path = Base.lproj/LaunchScreen.storyboard; sourceTree = "<group>"; };
		F28DAF9827BC8AF9006F7087 /* Info.plist */ = {isa = PBXFileReference; lastKnownFileType = text.plist.xml; path = Info.plist; sourceTree = "<group>"; };
		F28DAF9E27BC8CC5006F7087 /* Pizza.swift */ = {isa = PBXFileReference; lastKnownFileType = sourcecode.swift; path = Pizza.swift; sourceTree = "<group>"; };
		F28DAFA427BCBAD7006F7087 /* Screen2ViewController.swift */ = {isa = PBXFileReference; lastKnownFileType = sourcecode.swift; path = Screen2ViewController.swift; sourceTree = "<group>"; };
/* End PBXFileReference section */

/* Begin PBXFrameworksBuildPhase section */
		F28DAF8427BC8AF8006F7087 /* Frameworks */ = {
			isa = PBXFrameworksBuildPhase;
			buildActionMask = 2147483647;
			files = (
			);
			runOnlyForDeploymentPostprocessing = 0;
		};
/* End PBXFrameworksBuildPhase section */

/* Begin PBXGroup section */
		F28DAF7E27BC8AF8006F7087 = {
			isa = PBXGroup;
			children = (
				F28DAF8927BC8AF8006F7087 /* PIZZA_ANAS_AZBEMAT */,
				F28DAF8827BC8AF8006F7087 /* Products */,
			);
			sourceTree = "<group>";
		};
		F28DAF8827BC8AF8006F7087 /* Products */ = {
			isa = PBXGroup;
			children = (
				F28DAF8727BC8AF8006F7087 /* PIZZA_ANAS_AZBEMAT.app */,
			);
			name = Products;
			sourceTree = "<group>";
		};
		F28DAF8927BC8AF8006F7087 /* PIZZA_ANAS_AZBEMAT */ = {
			isa = PBXGroup;
			children = (
				F28DAF8A27BC8AF8006F7087 /* AppDelegate.swift */,
				F28DAF8C27BC8AF8006F7087 /* SceneDelegate.swift */,
				F28DAF8E27BC8AF8006F7087 /* ViewController.swift */,
				F28DAFA427BCBAD7006F7087 /* Screen2ViewController.swift */,
				F28DAF9E27BC8CC5006F7087 /* Pizza.swift */,
				F28DAF9027BC8AF8006F7087 /* Main.storyboard */,
				F28DAF9327BC8AF9006F7087 /* Assets.xcassets */,
				F28DAF9527BC8AF9006F7087 /* LaunchScreen.storyboard */,
				F28DAF9827BC8AF9006F7087 /* Info.plist */,
			);
			path = PIZZA_ANAS_AZBEMAT;
			sourceTree = "<group>";
		};
/* End PBXGroup section */

/* Begin PBXNativeTarget section */
		F28DAF8627BC8AF8006F7087 /* PIZZA_ANAS_AZBEMAT */ = {
			isa = PBXNativeTarget;
			buildConfigurationList = F28DAF9B27BC8AF9006F7087 /* Build configuration list for PBXNativeTarget "PIZZA_ANAS_AZBEMAT" */;
			buildPhases = (
				F28DAF8327BC8AF8006F7087 /* Sources */,
				F28DAF8427BC8AF8006F7087 /* Frameworks */,
				F28DAF8527BC8AF8006F7087 /* Resources */,
			);
			buildRules = (
			);
			dependencies = (
			);
			name = PIZZA_ANAS_AZBEMAT;
			productName = PIZZA_ANAS_AZBEMAT;
			productReference = F28DAF8727BC8AF8006F7087 /* PIZZA_ANAS_AZBEMAT.app */;
			productType = "com.apple.product-type.application";
		};
/* End PBXNativeTarget section */

/* Begin PBXProject section */
		F28DAF7F27BC8AF8006F7087 /* Project object */ = {
			isa = PBXProject;
			attributes = {
				BuildIndependentTargetsInParallel = 1;
				LastSwiftUpdateCheck = 1320;
				LastUpgradeCheck = 1320;
				TargetAttributes = {
					F28DAF8627BC8AF8006F7087 = {
						CreatedOnToolsVersion = 13.2.1;
					};
				};
			};
			buildConfigurationList = F28DAF8227BC8AF8006F7087 /* Build configuration list for PBXProject "PIZZA_ANAS_AZBEMAT" */;
			compatibilityVersion = "Xcode 13.0";
			developmentRegion = en;
			hasScannedForEncodings = 0;
			knownRegions = (
				en,
				Base,
			);
			mainGroup = F28DAF7E27BC8AF8006F7087;
			productRefGroup = F28DAF8827BC8AF8006F7087 /* Products */;
			projectDirPath = "";
			projectRoot = "";
			targets = (
				F28DAF8627BC8AF8006F7087 /* PIZZA_ANAS_AZBEMAT */,
			);
		};
/* End PBXProject section */

/* Begin PBXResourcesBuildPhase section */
		F28DAF8527BC8AF8006F7087 /* Resources */ = {
			isa = PBXResourcesBuildPhase;
			buildActionMask = 2147483647;
			files = (
				F28DAF9727BC8AF9006F7087 /* LaunchScreen.storyboard in Resources */,
				F28DAF9427BC8AF9006F7087 /* Assets.xcassets in Resources */,
				F28DAF9227BC8AF8006F7087 /* Main.storyboard in Resources */,
			);
			runOnlyForDeploymentPostprocessing = 0;
		};
/* End PBXResourcesBuildPhase section */

/* Begin PBXSourcesBuildPhase section */
		F28DAF8327BC8AF8006F7087 /* Sources */ = {
			isa = PBXSourcesBuildPhase;
			buildActionMask = 2147483647;
			files = (
				F28DAF9F27BC8CC5006F7087 /* Pizza.swift in Sources */,
				F28DAF8F27BC8AF8006F7087 /* ViewController.swift in Sources */,
				F28DAF8B27BC8AF8006F7087 /* AppDelegate.swift in Sources */,
				F28DAFA527BCBAD7006F7087 /* Screen2ViewController.swift in Sources */,
				F28DAF8D27BC8AF8006F7087 /* SceneDelegate.swift in Sources */,
			);
			runOnlyForDeploymentPostprocessing = 0;
		};
/* End PBXSourcesBuildPhase section */

/* Begin PBXVariantGroup section */
		F28DAF9027BC8AF8006F7087 /* Main.storyboard */ = {
			isa = PBXVariantGroup;
			children = (
				F28DAF9127BC8AF8006F7087 /* Base */,
			);
			name = Main.storyboard;
			sourceTree = "<group>";
		};
		F28DAF9527BC8AF9006F7087 /* LaunchScreen.storyboard */ = {
			isa = PBXVariantGroup;
			children = (
				F28DAF9627BC8AF9006F7087 /* Base */,
			);
			name = LaunchScreen.storyboard;
			sourceTree = "<group>";
		};
/* End PBXVariantGroup section */

/* Begin XCBuildConfiguration section */
		F28DAF9927BC8AF9006F7087 /* Debug */ = {
			isa = XCBuildConfiguration;
			buildSettings = {
				ALWAYS_SEARCH_USER_PATHS = NO;
				CLANG_ANALYZER_NONNULL = YES;
				CLANG_ANALYZER_NUMBER_OBJECT_CONVERSION = YES_AGGRESSIVE;
				CLANG_CXX_LANGUAGE_STANDARD = "gnu++17";
				CLANG_CXX_LIBRARY = "libc++";
				CLANG_ENABLE_MODULES = YES;
				CLANG_ENABLE_OBJC_ARC = YES;
				CLANG_ENABLE_OBJC_WEAK = YES;
				CLANG_WARN_BLOCK_CAPTURE_AUTORELEASING = YES;
				CLANG_WARN_BOOL_CONVERSION = YES;
				CLANG_WARN_COMMA = YES;
				CLANG_WARN_CONSTANT_CONVERSION = YES;
				CLANG_WARN_DEPRECATED_OBJC_IMPLEMENTATIONS = YES;
				CLANG_WARN_DIRECT_OBJC_ISA_USAGE = YES_ERROR;
				CLANG_WARN_DOCUMENTATION_COMMENTS = YES;
				CLANG_WARN_EMPTY_BODY = YES;
				CLANG_WARN_ENUM_CONVERSION = YES;
				CLANG_WARN_INFINITE_RECURSION = YES;
				CLANG_WARN_INT_CONVERSION = YES;
				CLANG_WARN_NON_LITERAL_NULL_CONVERSION = YES;
				CLANG_WARN_OBJC_IMPLICIT_RETAIN_SELF = YES;
				CLANG_WARN_OBJC_LITERAL_CONVERSION = YES;
				CLANG_WARN_OBJC_ROOT_CLASS = YES_ERROR;
				CLANG_WARN_QUOTED_INCLUDE_IN_FRAMEWORK_HEADER = YES;
				CLANG_WARN_RANGE_LOOP_ANALYSIS = YES;
				CLANG_WARN_STRICT_PROTOTYPES = YES;
				CLANG_WARN_SUSPICIOUS_MOVE = YES;
				CLANG_WARN_UNGUARDED_AVAILABILITY = YES_AGGRESSIVE;
				CLANG_WARN_UNREACHABLE_CODE = YES;
				CLANG_WARN__DUPLICATE_METHOD_MATCH = YES;
				COPY_PHASE_STRIP = NO;
				DEBUG_INFORMATION_FORMAT = dwarf;
				ENABLE_STRICT_OBJC_MSGSEND = YES;
				ENABLE_TESTABILITY = YES;
				GCC_C_LANGUAGE_STANDARD = gnu11;
				GCC_DYNAMIC_NO_PIC = NO;
				GCC_NO_COMMON_BLOCKS = YES;
				GCC_OPTIMIZATION_LEVEL = 0;
				GCC_PREPROCESSOR_DEFINITIONS = (
					"DEBUG=1",
					"$(inherited)",
				);
				GCC_WARN_64_TO_32_BIT_CONVERSION = YES;
				GCC_WARN_ABOUT_RETURN_TYPE = YES_ERROR;
				GCC_WARN_UNDECLARED_SELECTOR = YES;
				GCC_WARN_UNINITIALIZED_AUTOS = YES_AGGRESSIVE;
				GCC_WARN_UNUSED_FUNCTION = YES;
				GCC_WARN_UNUSED_VARIABLE = YES;
				IPHONEOS_DEPLOYMENT_TARGET = 15.2;
				MTL_ENABLE_DEBUG_INFO = INCLUDE_SOURCE;
				MTL_FAST_MATH = YES;
				ONLY_ACTIVE_ARCH = YES;
				SDKROOT = iphoneos;
				SWIFT_ACTIVE_COMPILATION_CONDITIONS = DEBUG;
				SWIFT_OPTIMIZATION_LEVEL = "-Onone";
			};
			name = Debug;
		};
		F28DAF9A27BC8AF9006F7087 /* Release */ = {
			isa = XCBuildConfiguration;
			buildSettings = {
				ALWAYS_SEARCH_USER_PATHS = NO;
				CLANG_ANALYZER_NONNULL = YES;
				CLANG_ANALYZER_NUMBER_OBJECT_CONVERSION = YES_AGGRESSIVE;
				CLANG_CXX_LANGUAGE_STANDARD = "gnu++17";
				CLANG_CXX_LIBRARY = "libc++";
				CLANG_ENABLE_MODULES = YES;
				CLANG_ENABLE_OBJC_ARC = YES;
				CLANG_ENABLE_OBJC_WEAK = YES;
				CLANG_WARN_BLOCK_CAPTURE_AUTORELEASING = YES;
				CLANG_WARN_BOOL_CONVERSION = YES;
				CLANG_WARN_COMMA = YES;
				CLANG_WARN_CONSTANT_CONVERSION = YES;
				CLANG_WARN_DEPRECATED_OBJC_IMPLEMENTATIONS = YES;
				CLANG_WARN_DIRECT_OBJC_ISA_USAGE = YES_ERROR;
				CLANG_WARN_DOCUMENTATION_COMMENTS = YES;
				CLANG_WARN_EMPTY_BODY = YES;
				CLANG_WARN_ENUM_CONVERSION = YES;
				CLANG_WARN_INFINITE_RECURSION = YES;
				CLANG_WARN_INT_CONVERSION = YES;
				CLANG_WARN_NON_LITERAL_NULL_CONVERSION = YES;
				CLANG_WARN_OBJC_IMPLICIT_RETAIN_SELF = YES;
				CLANG_WARN_OBJC_LITERAL_CONVERSION = YES;
				CLANG_WARN_OBJC_ROOT_CLASS = YES_ERROR;
				CLANG_WARN_QUOTED_INCLUDE_IN_FRAMEWORK_HEADER = YES;
				CLANG_WARN_RANGE_LOOP_ANALYSIS = YES;
				CLANG_WARN_STRICT_PROTOTYPES = YES;
				CLANG_WARN_SUSPICIOUS_MOVE = YES;
				CLANG_WARN_UNGUARDED_AVAILABILITY = YES_AGGRESSIVE;
				CLANG_WARN_UNREACHABLE_CODE = YES;
				CLANG_WARN__DUPLICATE_METHOD_MATCH = YES;
				COPY_PHASE_STRIP = NO;
				DEBUG_INFORMATION_FORMAT = "dwarf-with-dsym";
				ENABLE_NS_ASSERTIONS = NO;
				ENABLE_STRICT_OBJC_MSGSEND = YES;
				GCC_C_LANGUAGE_STANDARD = gnu11;
				GCC_NO_COMMON_BLOCKS = YES;
				GCC_WARN_64_TO_32_BIT_CONVERSION = YES;
				GCC_WARN_ABOUT_RETURN_TYPE = YES_ERROR;
				GCC_WARN_UNDECLARED_SELECTOR = YES;
				GCC_WARN_UNINITIALIZED_AUTOS = YES_AGGRESSIVE;
				GCC_WARN_UNUSED_FUNCTION = YES;
				GCC_WARN_UNUSED_VARIABLE = YES;
				IPHONEOS_DEPLOYMENT_TARGET = 15.2;
				MTL_ENABLE_DEBUG_INFO = NO;
				MTL_FAST_MATH = YES;
				SDKROOT = iphoneos;
				SWIFT_COMPILATION_MODE = wholemodule;
				SWIFT_OPTIMIZATION_LEVEL = "-O";
				VALIDATE_PRODUCT = YES;
			};
			name = Release;
		};
		F28DAF9C27BC8AF9006F7087 /* Debug */ = {
			isa = XCBuildConfiguration;
			buildSettings = {
				ASSETCATALOG_COMPILER_APPICON_NAME = AppIcon;
				ASSETCATALOG_COMPILER_GLOBAL_ACCENT_COLOR_NAME = AccentColor;
				CODE_SIGN_STYLE = Automatic;
				CURRENT_PROJECT_VERSION = 1;
				GENERATE_INFOPLIST_FILE = YES;
				INFOPLIST_FILE = PIZZA_ANAS_AZBEMAT/Info.plist;
				INFOPLIST_KEY_UIApplicationSupportsIndirectInputEvents = YES;
				INFOPLIST_KEY_UILaunchStoryboardName = LaunchScreen;
				INFOPLIST_KEY_UIMainStoryboardFile = Main;
				INFOPLIST_KEY_UISupportedInterfaceOrientations_iPad = "UIInterfaceOrientationPortrait UIInterfaceOrientationPortraitUpsideDown UIInterfaceOrientationLandscapeLeft UIInterfaceOrientationLandscapeRight";
				INFOPLIST_KEY_UISupportedInterfaceOrientations_iPhone = "UIInterfaceOrientationPortrait UIInterfaceOrientationLandscapeLeft UIInterfaceOrientationLandscapeRight";
				LD_RUNPATH_SEARCH_PATHS = (
					"$(inherited)",
					"@executable_path/Frameworks",
				);
				MARKETING_VERSION = 1.0;
				PRODUCT_BUNDLE_IDENTIFIER = "com.assignment.PIZZA-ANAS-AZBEMAT";
				PRODUCT_NAME = "$(TARGET_NAME)";
				SWIFT_EMIT_LOC_STRINGS = YES;
				SWIFT_VERSION = 5.0;
				TARGETED_DEVICE_FAMILY = "1,2";
			};
			name = Debug;
		};
		F28DAF9D27BC8AF9006F7087 /* Release */ = {
			isa = XCBuildConfiguration;
			buildSettings = {
				ASSETCATALOG_COMPILER_APPICON_NAME = AppIcon;
				ASSETCATALOG_COMPILER_GLOBAL_ACCENT_COLOR_NAME = AccentColor;
				CODE_SIGN_STYLE = Automatic;
				CURRENT_PROJECT_VERSION = 1;
				GENERATE_INFOPLIST_FILE = YES;
				INFOPLIST_FILE = PIZZA_ANAS_AZBEMAT/Info.plist;
				INFOPLIST_KEY_UIApplicationSupportsIndirectInputEvents = YES;
				INFOPLIST_KEY_UILaunchStoryboardName = LaunchScreen;
				INFOPLIST_KEY_UIMainStoryboardFile = Main;
				INFOPLIST_KEY_UISupportedInterfaceOrientations_iPad = "UIInterfaceOrientationPortrait UIInterfaceOrientationPortraitUpsideDown UIInterfaceOrientationLandscapeLeft UIInterfaceOrientationLandscapeRight";
				INFOPLIST_KEY_UISupportedInterfaceOrientations_iPhone = "UIInterfaceOrientationPortrait UIInterfaceOrientationLandscapeLeft UIInterfaceOrientationLandscapeRight";
				LD_RUNPATH_SEARCH_PATHS = (
					"$(inherited)",
					"@executable_path/Frameworks",
				);
				MARKETING_VERSION = 1.0;
				PRODUCT_BUNDLE_IDENTIFIER = "com.assignment.PIZZA-ANAS-AZBEMAT";
				PRODUCT_NAME = "$(TARGET_NAME)";
				SWIFT_EMIT_LOC_STRINGS = YES;
				SWIFT_VERSION = 5.0;
				TARGETED_DEVICE_FAMILY = "1,2";
			};
			name = Release;
		};
/* End XCBuildConfiguration section */

/* Begin XCConfigurationList section */
		F28DAF8227BC8AF8006F7087 /* Build configuration list for PBXProject "PIZZA_ANAS_AZBEMAT" */ = {
			isa = XCConfigurationList;
			buildConfigurations = (
				F28DAF9927BC8AF9006F7087 /* Debug */,
				F28DAF9A27BC8AF9006F7087 /* Release */,
			);
			defaultConfigurationIsVisible = 0;
			defaultConfigurationName = Release;
		};
		F28DAF9B27BC8AF9006F7087 /* Build configuration list for PBXNativeTarget "PIZZA_ANAS_AZBEMAT" */ = {
			isa = XCConfigurationList;
			buildConfigurations = (
				F28DAF9C27BC8AF9006F7087 /* Debug */,
				F28DAF9D27BC8AF9006F7087 /* Release */,
			);
			defaultConfigurationIsVisible = 0;
			defaultConfigurationName = Release;
		};
/* End XCConfigurationList section */
	};
	rootObject = F28DAF7F27BC8AF8006F7087 /* Project object */;
}
